
Microsoft Visual Studio Solution File, Format Version 12.00
# Visual Studio Version 17
VisualStudioVersion = 17.9.34728.123
MinimumVisualStudioVersion = 10.0.40219.1
Project("{8BC9CEB8-8B4A-11D0-8D11-00A0C91BC942}") = "LAB_12.4", "LAB_12.4\LAB_12.4.vcxproj", "{087B62E3-A45A-4FCE-8749-DA738D59BD26}"
EndProject
Project("{8BC9CEB8-8B4A-11D0-8D11-00A0C91BC942}") = "UnitTest1", "UnitTest1\UnitTest1.vcxproj", "{F4687035-8C2A-47A6-AE74-89881737ABA7}"
EndProject
Global
	GlobalSection(SolutionConfigurationPlatforms) = preSolution
		Debug|x64 = Debug|x64
		Debug|x86 = Debug|x86
		Release|x64 = Release|x64
		Release|x86 = Release|x86
	EndGlobalSection
	GlobalSection(ProjectConfigurationPlatforms) = postSolution
		{087B62E3-A45A-4FCE-8749-DA738D59BD26}.Debug|x64.ActiveCfg = Debug|x64
		{087B62E3-A45A-4FCE-8749-DA738D59BD26}.Debug|x64.Build.0 = Debug|x64
		{087B62E3-A45A-4FCE-8749-DA738D59BD26}.Debug|x86.ActiveCfg = Debug|Win32
		{087B62E3-A45A-4FCE-8749-DA738D59BD26}.Debug|x86.Build.0 = Debug|Win32
		{087B62E3-A45A-4FCE-8749-DA738D59BD26}.Release|x64.ActiveCfg = Release|x64
		{087B62E3-A45A-4FCE-8749-DA738D59BD26}.Release|x64.Build.0 = Release|x64
		{087B62E3-A45A-4FCE-8749-DA738D59BD26}.Release|x86.ActiveCfg = Release|Win32
		{087B62E3-A45A-4FCE-8749-DA738D59BD26}.Release|x86.Build.0 = Release|Win32
		{F4687035-8C2A-47A6-AE74-89881737ABA7}.Debug|x64.ActiveCfg = Debug|x64
		{F4687035-8C2A-47A6-AE74-89881737ABA7}.Debug|x64.Build.0 = Debug|x64
		{F4687035-8C2A-47A6-AE74-89881737ABA7}.Debug|x86.ActiveCfg = Debug|Win32
		{F4687035-8C2A-47A6-AE74-89881737ABA7}.Debug|x86.Build.0 = Debug|Win32
		{F4687035-8C2A-47A6-AE74-89881737ABA7}.Release|x64.ActiveCfg = Release|x64
		{F4687035-8C2A-47A6-AE74-89881737ABA7}.Release|x64.Build.0 = Release|x64
		{F4687035-8C2A-47A6-AE74-89881737ABA7}.Release|x86.ActiveCfg = Release|Win32
		{F4687035-8C2A-47A6-AE74-89881737ABA7}.Release|x86.Build.0 = Release|Win32
	EndGlobalSection
	GlobalSection(SolutionProperties) = preSolution
		HideSolutionNode = FALSE
	EndGlobalSection
	GlobalSection(ExtensibilityGlobals) = postSolution
		SolutionGuid = {F2CE3F36-46A8-429E-9855-E2F75014EF68}
	EndGlobalSection
EndGlobal
